
Microsoft Visual Studio Solution File, Format Version 12.00
# Visual Studio Version 17
VisualStudioVersion = 17.6.33829.357
MinimumVisualStudioVersion = 10.0.40219.1
Project("{FAE04EC0-301F-11D3-BF4B-00C04F79EFBC}") = "Application", "Application.csproj", "{E6A01D5B-3DBF-410B-B384-2AC3FE2DF86B}"
EndProject
Project("{FAE04EC0-301F-11D3-BF4B-00C04F79EFBC}") = "DataAccess", "..\DataAccess\DataAccess.csproj", "{F3398D06-1ECE-4E44-8F15-9FCCF7C6AC12}"
EndProject
Project("{FAE04EC0-301F-11D3-BF4B-00C04F79EFBC}") = "Common", "..\Common\Common.csproj", "{0F762156-4F3B-4E37-8B45-8EE5B346622C}"
EndProject
Project("{9A19103F-16F7-4668-BE54-9A1E7A4F7556}") = "Presentation", "..\Presentation\Presentation.csproj", "{C9EF281B-A0C8-475B-AA95-62C8DB9A1361}"
EndProject
Project("{FAE04EC0-301F-11D3-BF4B-00C04F79EFBC}") = "IService", "..\IService\IService.csproj", "{6B1E2B73-4595-43AA-8D45-E02B768BD326}"
EndProject
Project("{FAE04EC0-301F-11D3-BF4B-00C04F79EFBC}") = "Service", "..\Service\Service.csproj", "{2E5A136F-5BE9-431C-A067-3E28B77765B9}"
EndProject
Global
	GlobalSection(SolutionConfigurationPlatforms) = preSolution
		Debug|Any CPU = Debug|Any CPU
		Release|Any CPU = Release|Any CPU
	EndGlobalSection
	GlobalSection(ProjectConfigurationPlatforms) = postSolution
		{E6A01D5B-3DBF-410B-B384-2AC3FE2DF86B}.Debug|Any CPU.ActiveCfg = Debug|Any CPU
		{E6A01D5B-3DBF-410B-B384-2AC3FE2DF86B}.Debug|Any CPU.Build.0 = Debug|Any CPU
		{E6A01D5B-3DBF-410B-B384-2AC3FE2DF86B}.Release|Any CPU.ActiveCfg = Release|Any CPU
		{E6A01D5B-3DBF-410B-B384-2AC3FE2DF86B}.Release|Any CPU.Build.0 = Release|Any CPU
		{F3398D06-1ECE-4E44-8F15-9FCCF7C6AC12}.Debug|Any CPU.ActiveCfg = Debug|Any CPU
		{F3398D06-1ECE-4E44-8F15-9FCCF7C6AC12}.Debug|Any CPU.Build.0 = Debug|Any CPU
		{F3398D06-1ECE-4E44-8F15-9FCCF7C6AC12}.Release|Any CPU.ActiveCfg = Release|Any CPU
		{F3398D06-1ECE-4E44-8F15-9FCCF7C6AC12}.Release|Any CPU.Build.0 = Release|Any CPU
		{0F762156-4F3B-4E37-8B45-8EE5B346622C}.Debug|Any CPU.ActiveCfg = Debug|Any CPU
		{0F762156-4F3B-4E37-8B45-8EE5B346622C}.Debug|Any CPU.Build.0 = Debug|Any CPU
		{0F762156-4F3B-4E37-8B45-8EE5B346622C}.Release|Any CPU.ActiveCfg = Release|Any CPU
		{0F762156-4F3B-4E37-8B45-8EE5B346622C}.Release|Any CPU.Build.0 = Release|Any CPU
		{C9EF281B-A0C8-475B-AA95-62C8DB9A1361}.Debug|Any CPU.ActiveCfg = Debug|Any CPU
		{C9EF281B-A0C8-475B-AA95-62C8DB9A1361}.Debug|Any CPU.Build.0 = Debug|Any CPU
		{C9EF281B-A0C8-475B-AA95-62C8DB9A1361}.Release|Any CPU.ActiveCfg = Release|Any CPU
		{C9EF281B-A0C8-475B-AA95-62C8DB9A1361}.Release|Any CPU.Build.0 = Release|Any CPU
		{6B1E2B73-4595-43AA-8D45-E02B768BD326}.Debug|Any CPU.ActiveCfg = Debug|Any CPU
		{6B1E2B73-4595-43AA-8D45-E02B768BD326}.Debug|Any CPU.Build.0 = Debug|Any CPU
		{6B1E2B73-4595-43AA-8D45-E02B768BD326}.Release|Any CPU.ActiveCfg = Release|Any CPU
		{6B1E2B73-4595-43AA-8D45-E02B768BD326}.Release|Any CPU.Build.0 = Release|Any CPU
		{2E5A136F-5BE9-431C-A067-3E28B77765B9}.Debug|Any CPU.ActiveCfg = Debug|Any CPU
		{2E5A136F-5BE9-431C-A067-3E28B77765B9}.Debug|Any CPU.Build.0 = Debug|Any CPU
		{2E5A136F-5BE9-431C-A067-3E28B77765B9}.Release|Any CPU.ActiveCfg = Release|Any CPU
		{2E5A136F-5BE9-431C-A067-3E28B77765B9}.Release|Any CPU.Build.0 = Release|Any CPU
	EndGlobalSection
	GlobalSection(SolutionProperties) = preSolution
		HideSolutionNode = FALSE
	EndGlobalSection
	GlobalSection(ExtensibilityGlobals) = postSolution
		SolutionGuid = {F4F68162-F681-4C53-B02C-311C59D10DFC}
	EndGlobalSection
EndGlobal
